<?xml version="1.0" encoding="utf-8"?>
<Project ToolsVersion="4.0" xmlns="http://schemas.microsoft.com/developer/msbuild/2003">
  <ItemGroup>
    <ClCompile Include="CollisionControllerZ.cpp" />
    <ClCompile Include="GameZ.cpp" />
    <ClCompile Include="ObjectZ.cpp" />
    <ClCompile Include="pch.cpp" />
    <ClCompile Include="ProjectZ.cpp" />
    <ClCompile Include="SunflowarZ.cpp" />
    <ClCompile Include="SunflowerZ.cpp" />
    <ClCompile Include="WeaponZ.cpp" />
    <ClCompile Include="AirCellZ.cpp" />
    <ClCompile Include="CellZ.cpp" />
    <ClCompile Include="GroundCellZ.cpp" />
    <ClCompile Include="MainMenu.cpp" />
    <ClCompile Include="MapZ.cpp" />
    <ClCompile Include="NYTimer.cpp" />
    <ClCompile Include="RockCellZ.cpp" />
    <ClCompile Include="EntityZ.cpp" />
    <ClCompile Include="EntityManagerZ.cpp" />
    <ClCompile Include="EntityZFactoryZ.cpp" />
  </ItemGroup>
  <ItemGroup>
    <ClInclude Include="CollisionControllerZ.h" />
    <ClInclude Include="GameZ.h" />
    <ClInclude Include="ObjectZ.h" />
    <ClInclude Include="pch.h" />
    <ClInclude Include="ProjectZ.h" />
    <ClInclude Include="SunflowerZ.h" />
    <ClInclude Include="WeaponZ.h" />
    <ClInclude Include="AirCellZ.h" />
    <ClInclude Include="CellZ.h" />
    <ClInclude Include="GroundCellZ.h" />
    <ClInclude Include="MainMenu.h" />
    <ClInclude Include="MapZ.h" />
    <ClInclude Include="RockCellZ.h" />
    <ClInclude Include="EntityZ.h" />
    <ClInclude Include="EntityManagerZ.h" />
    <ClInclude Include="EntityZFactoryZ.h" />
  </ItemGroup>
</Project>